
Microsoft Visual Studio Solution File, Format Version 9.00
# Visual C++ Express 2005
Project("{8BC9CEB8-8B4A-11D0-8D11-00A0C91BC942}") = "winutils", "winutils\winutils.vcproj", "{98E0EE23-4647-4A9C-892B-CCC87B4F1CC5}"
EndProject
Global
	GlobalSection(SolutionConfigurationPlatforms) = preSolution
		Debug|Win32 = Debug|Win32
		Release|Win32 = Release|Win32
	EndGlobalSection
	GlobalSection(ProjectConfigurationPlatforms) = postSolution
		{98E0EE23-4647-4A9C-892B-CCC87B4F1CC5}.Debug|Win32.ActiveCfg = Debug|Win32
		{98E0EE23-4647-4A9C-892B-CCC87B4F1CC5}.Debug|Win32.Build.0 = Debug|Win32
		{98E0EE23-4647-4A9C-892B-CCC87B4F1CC5}.Release|Win32.ActiveCfg = Release|Win32
		{98E0EE23-4647-4A9C-892B-CCC87B4F1CC5}.Release|Win32.Build.0 = Release|Win32
	EndGlobalSection
	GlobalSection(SolutionProperties) = preSolution
		HideSolutionNode = FALSE
	EndGlobalSection
EndGlobal
